
Microsoft Visual Studio Solution File, Format Version 12.00
# Visual Studio Version 17
VisualStudioVersion = 17.14.36109.1 d17.14
MinimumVisualStudioVersion = 10.0.40219.1
Project("{FAE04EC0-301F-11D3-BF4B-00C04F79EFBC}") = "GoogleMapLinkChecker", "GoogleMapLinkChecker\GoogleMapLinkChecker.csproj", "{CF39B53A-8872-4944-BA3E-6C61501F171B}"
EndProject
Global
	GlobalSection(SolutionConfigurationPlatforms) = preSolution
		Debug|Any CPU = Debug|Any CPU
		Release|Any CPU = Release|Any CPU
	EndGlobalSection
	GlobalSection(ProjectConfigurationPlatforms) = postSolution
		{CF39B53A-8872-4944-BA3E-6C61501F171B}.Debug|Any CPU.ActiveCfg = Debug|Any CPU
		{CF39B53A-8872-4944-BA3E-6C61501F171B}.Debug|Any CPU.Build.0 = Debug|Any CPU
		{CF39B53A-8872-4944-BA3E-6C61501F171B}.Release|Any CPU.ActiveCfg = Release|Any CPU
		{CF39B53A-8872-4944-BA3E-6C61501F171B}.Release|Any CPU.Build.0 = Release|Any CPU
	EndGlobalSection
	GlobalSection(SolutionProperties) = preSolution
		HideSolutionNode = FALSE
	EndGlobalSection
	GlobalSection(ExtensibilityGlobals) = postSolution
		SolutionGuid = {41720A5B-344A-42DA-A1A5-7EC7D6E50AC4}
	EndGlobalSection
EndGlobal
